<?xml version="1.0" encoding="UTF-8"?>
<Scheme
   version = "1.3">
   <BuildAction>
      <BuildActionEntries>
         <BuildActionEntry
            buildForRunning = "YES">
            <BuildableReference
               BuildableIdentifier = "primary"
               BlueprintIdentifier = "256B47CE1FAF28310058CCA4"
               BuildableName = "PitchPerfect.app"
               BlueprintName = "PitchPerfect"
               ReferencedContainer = "container:PitchPerfect.xcodeproj">
            </BuildableReference>
         </BuildActionEntry>
      </BuildActionEntries>
   </BuildAction>
   <LaunchAction
      useCustomWorkingDirectory = "NO"
      buildConfiguration = "Debug">
      <BuildableProductRunnable>
         <BuildableReference
            BuildableIdentifier = "primary"
            BlueprintIdentifier = "256B47CE1FAF28310058CCA4"
            BuildableName = "PitchPerfect.app"
            BlueprintName = "PitchPerfect"
            ReferencedContainer = "container:PitchPerfect.xcodeproj">
         </BuildableReference>
      </BuildableProductRunnable>
   </LaunchAction>
</Scheme>
